using System;

namespace Codigo_21_Multiple
{
    class Program
    {
        static void Main(string[] args)
        {
            {
                //Generador valores variantes
                Random aleatorio = new Random();

                int baraja = 0; 
                
                Console.WriteLine(" Inserte el numero de jugadores (MIN: 2): ");
                int n = int.Parse(Console.ReadLine());

                int jugador = 1;
                //int ganador = 1;

                while (jugador <= n)
                {
                    int carta1 = aleatorio.Next(1, 12);
                    int carta2 = aleatorio.Next(1, 12);
                    int total = (carta1 + carta2);

                    Console.WriteLine(" \n\nBienvenido Jugador " + jugador);
                    //Indicar al jugador culaes son sus 2 cartas iniciales y la suma incial
                    Console.WriteLine(" carta1: " + carta1);
                    Console.WriteLine(" carta2: " + carta2);
                    Console.WriteLine(" Total: " + total);
                   
                    //Ciclo para que el juego pueda continuar mientras el puntaje sea menor a 21

                    while (21 > total)

                        //Permitir tomar una carta adicional
                        {
                        Console.WriteLine(" ¿Deseas una carta adicional? (s/n)");
                        string res = Console.ReadLine();
                        // Condiconada a que si escribe "s" se le sume una entre 1 y 11
                        if (res == "s")
                        {
                            baraja = aleatorio.Next(1, 11);
                            total += baraja;
                            Console.Write(" Carta= " + baraja);
                            Console.Write(" Total= " + total);
                        }
                        // Condiconada a que si escribe "n" pierda al no haber llegado a 21
                        else if (res == "n") //Retirada
                        {
                            Console.Write(" Te retiraste ");
                            Console.WriteLine(" Puntaje final: " + total);
                            break;
                        }
                        // Si logra 21 con un 10 y 11, ganara independiente del ciclo while o perdera si saca 22 al juntar 11 y 11
                        if (21 == total) //Victoria
                        {
                            Console.WriteLine(" ¡Ganaste! ");
                            Console.WriteLine(" Puntaje final: " + total);
                            total = (carta1 + carta2); 
                            break;
                        }
                        else if (total > 21) //Derrota
                        {
                            Console.WriteLine(" Perdiste ");
                            Console.WriteLine(" Puntaje final: " + total);
                            total = (carta1 + carta2); 
                            break;
                        }
                    
                    }
                    //Console.WriteLine(" total: " + total);
                    //total = 0;
                    Console.WriteLine(" Gracias por jugar ");
                    jugador += 1;
                }
                //Console.WriteLine(" Ganador es" + ganador);
            }
        }
    }
}
